
Microsoft Visual Studio Solution File, Format Version 12.00
# Visual Studio 15
VisualStudioVersion = 15.0.28307.329
MinimumVisualStudioVersion = 10.0.40219.1
Project("{8BC9CEB8-8B4A-11D0-8D11-00A0C91BC942}") = "Chapter4", "Chapter4\Chapter4.vcxproj", "{BB4E6C69-1BA9-44E2-A92C-88960D376161}"
EndProject
Global
	GlobalSection(SolutionConfigurationPlatforms) = preSolution
		Debug|x64 = Debug|x64
		Debug|x86 = Debug|x86
		Release|x64 = Release|x64
		Release|x86 = Release|x86
	EndGlobalSection
	GlobalSection(ProjectConfigurationPlatforms) = postSolution
		{BB4E6C69-1BA9-44E2-A92C-88960D376161}.Debug|x64.ActiveCfg = Debug|x64
		{BB4E6C69-1BA9-44E2-A92C-88960D376161}.Debug|x64.Build.0 = Debug|x64
		{BB4E6C69-1BA9-44E2-A92C-88960D376161}.Debug|x86.ActiveCfg = Debug|Win32
		{BB4E6C69-1BA9-44E2-A92C-88960D376161}.Debug|x86.Build.0 = Debug|Win32
		{BB4E6C69-1BA9-44E2-A92C-88960D376161}.Release|x64.ActiveCfg = Release|x64
		{BB4E6C69-1BA9-44E2-A92C-88960D376161}.Release|x64.Build.0 = Release|x64
		{BB4E6C69-1BA9-44E2-A92C-88960D376161}.Release|x86.ActiveCfg = Release|Win32
		{BB4E6C69-1BA9-44E2-A92C-88960D376161}.Release|x86.Build.0 = Release|Win32
	EndGlobalSection
	GlobalSection(SolutionProperties) = preSolution
		HideSolutionNode = FALSE
	EndGlobalSection
	GlobalSection(ExtensibilityGlobals) = postSolution
		SolutionGuid = {BD593D54-D00C-4D23-9853-BDB511C41C0F}
	EndGlobalSection
EndGlobal
