<?xml version="1.0" encoding="utf-8"?>
<Project ToolsVersion="4.0" xmlns="http://schemas.microsoft.com/developer/msbuild/2003">
  <ItemGroup>
    <Filter Include="소스 파일">
      <UniqueIdentifier>{4FC737F1-C7A5-4376-A066-2A32D752A2FF}</UniqueIdentifier>
      <Extensions>cpp;c;cc;cxx;def;odl;idl;hpj;bat;asm;asmx</Extensions>
    </Filter>
    <Filter Include="헤더 파일">
      <UniqueIdentifier>{93995380-89BD-4b04-88EB-625FBE52EBFB}</UniqueIdentifier>
      <Extensions>h;hh;hpp;hxx;hm;inl;inc;ipp;xsd</Extensions>
    </Filter>
    <Filter Include="리소스 파일">
      <UniqueIdentifier>{67DA6AB6-F800-4c08-8B7A-83BB121AAD01}</UniqueIdentifier>
      <Extensions>rc;ico;cur;bmp;dlg;rc2;rct;bin;rgs;gif;jpg;jpeg;jpe;resx;tiff;tif;png;wav;mfcribbon-ms</Extensions>
    </Filter>
    <Filter Include="Define">
      <UniqueIdentifier>{a7c9aa58-7771-4f9e-acff-d8713bc47c51}</UniqueIdentifier>
    </Filter>
    <Filter Include="GameEntity">
      <UniqueIdentifier>{42cf02ca-f38c-4649-a539-900d3719c3f6}</UniqueIdentifier>
    </Filter>
    <Filter Include="GameEntity\RTTI">
      <UniqueIdentifier>{d21cfccf-d6b9-41f1-a089-88ec9ba248f0}</UniqueIdentifier>
    </Filter>
    <Filter Include="Image">
      <UniqueIdentifier>{1e65c688-0a27-4866-8c10-9239335bb7a7}</UniqueIdentifier>
    </Filter>
    <Filter Include="Image\CustomStruct">
      <UniqueIdentifier>{7f113d09-f17d-478b-a780-3f52572460a4}</UniqueIdentifier>
    </Filter>
    <Filter Include="GameEntity\Camera">
      <UniqueIdentifier>{da5143f5-05c8-43b2-9fc2-3941bb536b7a}</UniqueIdentifier>
    </Filter>
    <Filter Include="GameEntity\Object">
      <UniqueIdentifier>{69ed1054-143f-4cc4-8dca-cf11c9932eb9}</UniqueIdentifier>
    </Filter>
    <Filter Include="GameEntity\Object\Bullet">
      <UniqueIdentifier>{f7b56186-a597-45b7-ab56-134b706f8273}</UniqueIdentifier>
    </Filter>
    <Filter Include="GameEntity\Object\Bullet\P_Bullet">
      <UniqueIdentifier>{a29ac597-b9c7-4a87-87b9-ee6396c1c216}</UniqueIdentifier>
    </Filter>
    <Filter Include="GameEntity\Object\Bullet\E_Bullet">
      <UniqueIdentifier>{35deb50f-3dd3-4e2c-ab1e-e0312926600f}</UniqueIdentifier>
    </Filter>
    <Filter Include="GameEntity\Object\W_Item">
      <UniqueIdentifier>{154efd89-ffd0-48f2-b1c1-ed2454ec22ce}</UniqueIdentifier>
    </Filter>
    <Filter Include="GameEntity\Object\FrontGroundObject">
      <UniqueIdentifier>{21cf448e-ef23-438f-ba48-ff9d7135ff3c}</UniqueIdentifier>
    </Filter>
    <Filter Include="GameEntity\Object\N_Item">
      <UniqueIdentifier>{6f254465-7ab6-4412-ac29-8f695b007e43}</UniqueIdentifier>
    </Filter>
    <Filter Include="GameEntity\Object\NormalObj">
      <UniqueIdentifier>{ae0463ab-8fcc-4720-92a4-b391163ffd17}</UniqueIdentifier>
    </Filter>
    <Filter Include="GameEntity\Object\Stage_1_OBJ">
      <UniqueIdentifier>{7870d23f-707c-4ce8-881a-3d812dbf33f7}</UniqueIdentifier>
    </Filter>
    <Filter Include="Image\FrameDC">
      <UniqueIdentifier>{cb5f4d9e-653d-47b8-8c95-901960d86112}</UniqueIdentifier>
    </Filter>
    <Filter Include="Image\BitmapDC">
      <UniqueIdentifier>{68b695e6-9f2d-4047-baf5-c4ca6cb72692}</UniqueIdentifier>
    </Filter>
    <Filter Include="Image\AniDCSet">
      <UniqueIdentifier>{21769bf6-90ed-4f2a-b0aa-71e457ac836b}</UniqueIdentifier>
    </Filter>
    <Filter Include="ResourceMgr">
      <UniqueIdentifier>{f31f29fa-21f6-47a4-8585-429127a1a56e}</UniqueIdentifier>
    </Filter>
    <Filter Include="Scene">
      <UniqueIdentifier>{af718ad0-abea-4280-8976-5fe75cf5e460}</UniqueIdentifier>
    </Filter>
    <Filter Include="Image\Jo">
      <UniqueIdentifier>{7f923d4f-129f-4f3a-aca2-15fb755aeda5}</UniqueIdentifier>
    </Filter>
    <Filter Include="Scene\Stage_1">
      <UniqueIdentifier>{aab04d5f-3631-4192-a6d1-29675d793edc}</UniqueIdentifier>
    </Filter>
    <Filter Include="Scene\Stage_2">
      <UniqueIdentifier>{37a41722-211a-4121-9b0e-75428fc97736}</UniqueIdentifier>
    </Filter>
    <Filter Include="Scene\Stage_Intro">
      <UniqueIdentifier>{20306e61-0168-4215-aa2a-f22972fc7520}</UniqueIdentifier>
    </Filter>
    <Filter Include="DeviceMgr">
      <UniqueIdentifier>{a183b1d0-f44f-434a-9ec1-495b6b4dd602}</UniqueIdentifier>
    </Filter>
  </ItemGroup>
  <ItemGroup>
    <ClInclude Include="stdafx.h">
      <Filter>헤더 파일</Filter>
    </ClInclude>
    <ClInclude Include="targetver.h">
      <Filter>헤더 파일</Filter>
    </ClInclude>
    <ClInclude Include="Resource.h">
      <Filter>헤더 파일</Filter>
    </ClInclude>
    <ClInclude Include="MetalSlug_copie.h">
      <Filter>헤더 파일</Filter>
    </ClInclude>
    <ClInclude Include="Define.h">
      <Filter>Define</Filter>
    </ClInclude>
    <ClInclude Include="Obj.h">
      <Filter>GameEntity</Filter>
    </ClInclude>
    <ClInclude Include="RTTI.h">
      <Filter>GameEntity\RTTI</Filter>
    </ClInclude>
    <ClInclude Include="Pt.h">
      <Filter>Image\CustomStruct</Filter>
    </ClInclude>
    <ClInclude Include="Camera.h">
      <Filter>GameEntity\Camera</Filter>
    </ClInclude>
    <ClInclude Include="NormalObj.h">
      <Filter>GameEntity\Object\NormalObj</Filter>
    </ClInclude>
    <ClInclude Include="Rc.h">
      <Filter>Image\CustomStruct</Filter>
    </ClInclude>
    <ClInclude Include="FrameDC.h">
      <Filter>Image\FrameDC</Filter>
    </ClInclude>
    <ClInclude Include="BitmapDC.h">
      <Filter>Image\BitmapDC</Filter>
    </ClInclude>
    <ClInclude Include="AniDCSet.h">
      <Filter>Image\AniDCSet</Filter>
    </ClInclude>
    <ClInclude Include="ResourceMgr.h">
      <Filter>ResourceMgr</Filter>
    </ClInclude>
    <ClInclude Include="Sprite.h">
      <Filter>Image</Filter>
    </ClInclude>
    <ClInclude Include="Scene.h">
      <Filter>Image\Jo</Filter>
    </ClInclude>
    <ClInclude Include="Animate.h">
      <Filter>Image\Jo</Filter>
    </ClInclude>
    <ClInclude Include="AniInfoMgr.h">
      <Filter>Image</Filter>
    </ClInclude>
    <ClInclude Include="SObj.h">
      <Filter>Scene</Filter>
    </ClInclude>
    <ClInclude Include="Stage_Intro.h">
      <Filter>Scene\Stage_Intro</Filter>
    </ClInclude>
    <ClInclude Include="Stage_2.h">
      <Filter>Scene\Stage_2</Filter>
    </ClInclude>
    <ClInclude Include="Stage_1.h">
      <Filter>Scene\Stage_1</Filter>
    </ClInclude>
    <ClInclude Include="Device.h">
      <Filter>DeviceMgr</Filter>
    </ClInclude>
  </ItemGroup>
  <ItemGroup>
    <ClCompile Include="stdafx.cpp">
      <Filter>소스 파일</Filter>
    </ClCompile>
    <ClCompile Include="MetalSlug_copie.cpp">
      <Filter>소스 파일</Filter>
    </ClCompile>
    <ClCompile Include="Define.cpp">
      <Filter>Define</Filter>
    </ClCompile>
    <ClCompile Include="Obj.cpp">
      <Filter>GameEntity</Filter>
    </ClCompile>
    <ClCompile Include="RTTI.cpp">
      <Filter>GameEntity\RTTI</Filter>
    </ClCompile>
    <ClCompile Include="Pt.cpp">
      <Filter>Image\CustomStruct</Filter>
    </ClCompile>
    <ClCompile Include="Camera.cpp">
      <Filter>GameEntity\Camera</Filter>
    </ClCompile>
    <ClCompile Include="NormalObj.cpp">
      <Filter>GameEntity\Object\NormalObj</Filter>
    </ClCompile>
    <ClCompile Include="Rc.cpp">
      <Filter>Image\CustomStruct</Filter>
    </ClCompile>
    <ClCompile Include="FrameDC.cpp">
      <Filter>Image\FrameDC</Filter>
    </ClCompile>
    <ClCompile Include="BitmapDC.cpp">
      <Filter>Image\BitmapDC</Filter>
    </ClCompile>
    <ClCompile Include="AniDCSet.cpp">
      <Filter>Image\AniDCSet</Filter>
    </ClCompile>
    <ClCompile Include="ResourceMgr.cpp">
      <Filter>ResourceMgr</Filter>
    </ClCompile>
    <ClCompile Include="Sprite.cpp">
      <Filter>Image</Filter>
    </ClCompile>
    <ClCompile Include="Scene.cpp">
      <Filter>Image\Jo</Filter>
    </ClCompile>
    <ClCompile Include="Animate.cpp">
      <Filter>Image\Jo</Filter>
    </ClCompile>
    <ClCompile Include="AniInfoMgr.cpp">
      <Filter>Image</Filter>
    </ClCompile>
    <ClCompile Include="Stage_Intro.cpp">
      <Filter>Scene\Stage_Intro</Filter>
    </ClCompile>
    <ClCompile Include="Stage_2.cpp">
      <Filter>Scene\Stage_2</Filter>
    </ClCompile>
    <ClCompile Include="Stage_1.cpp">
      <Filter>Scene\Stage_1</Filter>
    </ClCompile>
    <ClCompile Include="Device.cpp">
      <Filter>DeviceMgr</Filter>
    </ClCompile>
  </ItemGroup>
  <ItemGroup>
    <ResourceCompile Include="MetalSlug_copie.rc">
      <Filter>리소스 파일</Filter>
    </ResourceCompile>
  </ItemGroup>
  <ItemGroup>
    <Image Include="small.ico">
      <Filter>리소스 파일</Filter>
    </Image>
    <Image Include="MetalSlug_copie.ico">
      <Filter>리소스 파일</Filter>
    </Image>
  </ItemGroup>
</Project>